
Microsoft Visual Studio Solution File, Format Version 10.00
# Visual Studio 2008
Project("{FAE04EC0-301F-11D3-BF4B-00C04F79EFBC}") = "Calendar", "Calendar\Calendar.csproj", "{948C167F-E236-4AB8-91CC-EC23F76089DC}"
EndProject
Project("{FAE04EC0-301F-11D3-BF4B-00C04F79EFBC}") = "ControlsDemo", "ControlsDemo\ControlsDemo.csproj", "{CB66A80A-63C6-4B83-8F5D-ADD65F31CBAC}"
EndProject
Project("{FAE04EC0-301F-11D3-BF4B-00C04F79EFBC}") = "SQLitePersistence", "SQLitePersistence\SQLitePersistence.csproj", "{4EC3D63C-760A-430E-9748-C540E8C438BE}"
EndProject
Project("{FAE04EC0-301F-11D3-BF4B-00C04F79EFBC}") = "AugmentedRealityBase", "AugmentedRealityBase\AugmentedRealityBase.csproj", "{9A0EA306-22E3-4B72-9449-908E08D9F12A}"
EndProject
Project("{FAE04EC0-301F-11D3-BF4B-00C04F79EFBC}") = "VideoCaptureSample", "VideoCaptureSample\VideoCaptureSample.csproj", "{093B80BE-5863-4A1B-954F-692694C3291D}"
EndProject
Global
	GlobalSection(SolutionConfigurationPlatforms) = preSolution
		Debug|iPhoneSimulator = Debug|iPhoneSimulator
		Release|iPhoneSimulator = Release|iPhoneSimulator
		Debug|iPhone = Debug|iPhone
		Release|iPhone = Release|iPhone
	EndGlobalSection
	GlobalSection(ProjectConfigurationPlatforms) = postSolution
		{093B80BE-5863-4A1B-954F-692694C3291D}.Debug|iPhone.ActiveCfg = Debug|iPhone
		{093B80BE-5863-4A1B-954F-692694C3291D}.Debug|iPhone.Build.0 = Debug|iPhone
		{093B80BE-5863-4A1B-954F-692694C3291D}.Debug|iPhoneSimulator.ActiveCfg = Debug|iPhoneSimulator
		{093B80BE-5863-4A1B-954F-692694C3291D}.Debug|iPhoneSimulator.Build.0 = Debug|iPhoneSimulator
		{093B80BE-5863-4A1B-954F-692694C3291D}.Release|iPhone.ActiveCfg = Release|iPhone
		{093B80BE-5863-4A1B-954F-692694C3291D}.Release|iPhone.Build.0 = Release|iPhone
		{093B80BE-5863-4A1B-954F-692694C3291D}.Release|iPhoneSimulator.ActiveCfg = Release|iPhoneSimulator
		{093B80BE-5863-4A1B-954F-692694C3291D}.Release|iPhoneSimulator.Build.0 = Release|iPhoneSimulator
		{4EC3D63C-760A-430E-9748-C540E8C438BE}.Debug|iPhone.ActiveCfg = Debug|iPhone
		{4EC3D63C-760A-430E-9748-C540E8C438BE}.Debug|iPhone.Build.0 = Debug|iPhone
		{4EC3D63C-760A-430E-9748-C540E8C438BE}.Debug|iPhoneSimulator.ActiveCfg = Debug|iPhoneSimulator
		{4EC3D63C-760A-430E-9748-C540E8C438BE}.Debug|iPhoneSimulator.Build.0 = Debug|iPhoneSimulator
		{4EC3D63C-760A-430E-9748-C540E8C438BE}.Release|iPhone.ActiveCfg = Release|iPhone
		{4EC3D63C-760A-430E-9748-C540E8C438BE}.Release|iPhone.Build.0 = Release|iPhone
		{4EC3D63C-760A-430E-9748-C540E8C438BE}.Release|iPhoneSimulator.ActiveCfg = Release|iPhoneSimulator
		{4EC3D63C-760A-430E-9748-C540E8C438BE}.Release|iPhoneSimulator.Build.0 = Release|iPhoneSimulator
		{948C167F-E236-4AB8-91CC-EC23F76089DC}.Debug|iPhone.ActiveCfg = Debug|iPhone
		{948C167F-E236-4AB8-91CC-EC23F76089DC}.Debug|iPhone.Build.0 = Debug|iPhone
		{948C167F-E236-4AB8-91CC-EC23F76089DC}.Debug|iPhoneSimulator.ActiveCfg = Debug|iPhoneSimulator
		{948C167F-E236-4AB8-91CC-EC23F76089DC}.Debug|iPhoneSimulator.Build.0 = Debug|iPhoneSimulator
		{948C167F-E236-4AB8-91CC-EC23F76089DC}.Release|iPhone.ActiveCfg = Release|iPhone
		{948C167F-E236-4AB8-91CC-EC23F76089DC}.Release|iPhone.Build.0 = Release|iPhone
		{948C167F-E236-4AB8-91CC-EC23F76089DC}.Release|iPhoneSimulator.ActiveCfg = Release|iPhoneSimulator
		{948C167F-E236-4AB8-91CC-EC23F76089DC}.Release|iPhoneSimulator.Build.0 = Release|iPhoneSimulator
		{9A0EA306-22E3-4B72-9449-908E08D9F12A}.Debug|iPhone.ActiveCfg = Debug|iPhone
		{9A0EA306-22E3-4B72-9449-908E08D9F12A}.Debug|iPhone.Build.0 = Debug|iPhone
		{9A0EA306-22E3-4B72-9449-908E08D9F12A}.Debug|iPhoneSimulator.ActiveCfg = Debug|iPhoneSimulator
		{9A0EA306-22E3-4B72-9449-908E08D9F12A}.Debug|iPhoneSimulator.Build.0 = Debug|iPhoneSimulator
		{9A0EA306-22E3-4B72-9449-908E08D9F12A}.Release|iPhone.ActiveCfg = Release|iPhone
		{9A0EA306-22E3-4B72-9449-908E08D9F12A}.Release|iPhone.Build.0 = Release|iPhone
		{9A0EA306-22E3-4B72-9449-908E08D9F12A}.Release|iPhoneSimulator.ActiveCfg = Release|iPhoneSimulator
		{9A0EA306-22E3-4B72-9449-908E08D9F12A}.Release|iPhoneSimulator.Build.0 = Release|iPhoneSimulator
		{CB66A80A-63C6-4B83-8F5D-ADD65F31CBAC}.Debug|iPhone.ActiveCfg = Debug|iPhone
		{CB66A80A-63C6-4B83-8F5D-ADD65F31CBAC}.Debug|iPhone.Build.0 = Debug|iPhone
		{CB66A80A-63C6-4B83-8F5D-ADD65F31CBAC}.Debug|iPhoneSimulator.ActiveCfg = Debug|iPhoneSimulator
		{CB66A80A-63C6-4B83-8F5D-ADD65F31CBAC}.Debug|iPhoneSimulator.Build.0 = Debug|iPhoneSimulator
		{CB66A80A-63C6-4B83-8F5D-ADD65F31CBAC}.Release|iPhone.ActiveCfg = Release|iPhone
		{CB66A80A-63C6-4B83-8F5D-ADD65F31CBAC}.Release|iPhone.Build.0 = Release|iPhone
		{CB66A80A-63C6-4B83-8F5D-ADD65F31CBAC}.Release|iPhoneSimulator.ActiveCfg = Release|iPhoneSimulator
		{CB66A80A-63C6-4B83-8F5D-ADD65F31CBAC}.Release|iPhoneSimulator.Build.0 = Release|iPhoneSimulator
	EndGlobalSection
	GlobalSection(MonoDevelopProperties) = preSolution
		StartupItem = ControlsDemo\ControlsDemo.csproj
		Policies = $0
		$0.DotNetNamingPolicy = $1
		$1.DirectoryNamespaceAssociation = None
		$1.ResourceNamePolicy = FileFormatDefault
		$0.StandardHeader = $2
		$2.Text = 
		$2.inheritsSet = MITX11License
	EndGlobalSection
EndGlobal
