
Microsoft Visual Studio Solution File, Format Version 10.00
# Visual Studio 2008
Project("{FAE04EC0-301F-11D3-BF4B-00C04F79EFBC}") = "SQLitePersistence.Test_md", "SQLitePersistence.Test_md.csproj", "{BA98F05F-C905-4CBC-B051-6754A5A68FC7}"
EndProject
Global
	GlobalSection(SolutionConfigurationPlatforms) = preSolution
		Debug|iPhoneSimulator = Debug|iPhoneSimulator
		Release|iPhoneSimulator = Release|iPhoneSimulator
		Debug|iPhone = Debug|iPhone
		Release|iPhone = Release|iPhone
	EndGlobalSection
	GlobalSection(ProjectConfigurationPlatforms) = postSolution
		{BA98F05F-C905-4CBC-B051-6754A5A68FC7}.Debug|iPhone.ActiveCfg = Debug|iPhone
		{BA98F05F-C905-4CBC-B051-6754A5A68FC7}.Debug|iPhone.Build.0 = Debug|iPhone
		{BA98F05F-C905-4CBC-B051-6754A5A68FC7}.Debug|iPhoneSimulator.ActiveCfg = Debug|iPhoneSimulator
		{BA98F05F-C905-4CBC-B051-6754A5A68FC7}.Debug|iPhoneSimulator.Build.0 = Debug|iPhoneSimulator
		{BA98F05F-C905-4CBC-B051-6754A5A68FC7}.Release|iPhone.ActiveCfg = Release|iPhone
		{BA98F05F-C905-4CBC-B051-6754A5A68FC7}.Release|iPhone.Build.0 = Release|iPhone
		{BA98F05F-C905-4CBC-B051-6754A5A68FC7}.Release|iPhoneSimulator.ActiveCfg = Release|iPhoneSimulator
		{BA98F05F-C905-4CBC-B051-6754A5A68FC7}.Release|iPhoneSimulator.Build.0 = Release|iPhoneSimulator
	EndGlobalSection
	GlobalSection(MonoDevelopProperties) = preSolution
		StartupItem = SQLitePersistence.Test_md.csproj
	EndGlobalSection
EndGlobal
